dependencies:
- name: prometheus
  repository: https://prometheus-community.github.io/helm-charts
  version: 26.0.0
- name: gateway-helm
  repository: oci://docker.io/envoyproxy
  version: v1.8.2
digest: sha256:c371e6864d00d2b0772c24d42167d7109b764b13e458be21c82206619075fa65
generated: "2026-07-18T11:16:21.989405-04:00"
